
Microsoft Visual Studio Solution File, Format Version 12.00
# Visual Studio 2013
VisualStudioVersion = 12.0.31101.0
MinimumVisualStudioVersion = 10.0.40219.1
Project("{2150E333-8FDC-42A3-9474-1A3956D46DE8}") = "Engine", "Engine", "{84A3ECCC-5259-4188-B04D-6E3D6827ED56}"
EndProject
Project("{2150E333-8FDC-42A3-9474-1A3956D46DE8}") = "Games", "Games", "{FFB48B83-14AE-4D17-93B3-34081C66EF37}"
EndProject
Project("{8BC9CEB8-8B4A-11D0-8D11-00A0C91BC942}") = "AnimatedIronman", "Intermediate\ProjectFiles\AnimatedIronman.vcxproj", "{10EBF0BD-1407-4E30-B616-8F4F50E46B4C}"
EndProject
Project("{8BC9CEB8-8B4A-11D0-8D11-00A0C91BC942}") = "UE4", "Intermediate\ProjectFiles\UE4.vcxproj", "{2BF629A3-E58E-45C7-BA80-190DF015B306}"
EndProject
Global
	GlobalSection(SolutionConfigurationPlatforms) = preSolution
		DebugGame Editor|Windows = DebugGame Editor|Windows
		DebugGame|Windows = DebugGame|Windows
		Development Editor|Windows = Development Editor|Windows
		Development|Windows = Development|Windows
		Shipping|Windows = Shipping|Windows
	EndGlobalSection
	GlobalSection(ProjectConfigurationPlatforms) = postSolution
		{10EBF0BD-1407-4E30-B616-8F4F50E46B4C}.DebugGame Editor|Windows.ActiveCfg = DebugGame_Editor|x64
		{10EBF0BD-1407-4E30-B616-8F4F50E46B4C}.DebugGame Editor|Windows.Build.0 = DebugGame_Editor|x64
		{10EBF0BD-1407-4E30-B616-8F4F50E46B4C}.DebugGame|Windows.ActiveCfg = DebugGame_Game|x64
		{10EBF0BD-1407-4E30-B616-8F4F50E46B4C}.DebugGame|Windows.Build.0 = DebugGame_Game|x64
		{10EBF0BD-1407-4E30-B616-8F4F50E46B4C}.Development Editor|Windows.ActiveCfg = Development_Editor|x64
		{10EBF0BD-1407-4E30-B616-8F4F50E46B4C}.Development Editor|Windows.Build.0 = Development_Editor|x64
		{10EBF0BD-1407-4E30-B616-8F4F50E46B4C}.Development|Windows.ActiveCfg = Development_Game|x64
		{10EBF0BD-1407-4E30-B616-8F4F50E46B4C}.Development|Windows.Build.0 = Development_Game|x64
		{10EBF0BD-1407-4E30-B616-8F4F50E46B4C}.Shipping|Windows.ActiveCfg = Shipping_Game|Win32
		{10EBF0BD-1407-4E30-B616-8F4F50E46B4C}.Shipping|Windows.Build.0 = Shipping_Game|Win32
		{2BF629A3-E58E-45C7-BA80-190DF015B306}.DebugGame Editor|Windows.ActiveCfg = BuiltWithUnrealBuildTool|Win32
		{2BF629A3-E58E-45C7-BA80-190DF015B306}.DebugGame|Windows.ActiveCfg = BuiltWithUnrealBuildTool|Win32
		{2BF629A3-E58E-45C7-BA80-190DF015B306}.Development Editor|Windows.ActiveCfg = BuiltWithUnrealBuildTool|Win32
		{2BF629A3-E58E-45C7-BA80-190DF015B306}.Development|Windows.ActiveCfg = BuiltWithUnrealBuildTool|Win32
		{2BF629A3-E58E-45C7-BA80-190DF015B306}.Shipping|Windows.ActiveCfg = BuiltWithUnrealBuildTool|Win32
	EndGlobalSection
	GlobalSection(SolutionProperties) = preSolution
		HideSolutionNode = FALSE
	EndGlobalSection
	GlobalSection(NestedProjects) = preSolution
		{10EBF0BD-1407-4E30-B616-8F4F50E46B4C} = {FFB48B83-14AE-4D17-93B3-34081C66EF37}
		{2BF629A3-E58E-45C7-BA80-190DF015B306} = {84A3ECCC-5259-4188-B04D-6E3D6827ED56}
	EndGlobalSection
EndGlobal
